// !$*UTF8*$!
{
	archiveVersion = 1;
	classes = {
	};
	objectVersion = 46;
	objects = {

/* Begin PBXBuildFile section */
		245A9F5D1A378F110044A1B6 /* GameBoard.swift in Sources */ = {isa = PBXBuildFile; fileRef = 245A9F5C1A378F110044A1B6 /* GameBoard.swift */; };
		245A9F5F1A3819780044A1B6 /* TODO in Resources */ = {isa = PBXBuildFile; fileRef = 245A9F5E1A3819780044A1B6 /* TODO */; };
		245EA7E01A6171840086FF7B /* CardViewModel.swift in Sources */ = {isa = PBXBuildFile; fileRef = 245EA7DF1A6171840086FF7B /* CardViewModel.swift */; };
		246315211A6701B300895A3D /* Card.swift in Sources */ = {isa = PBXBuildFile; fileRef = 246315201A6701B300895A3D /* Card.swift */; };
		246315231A6702EC00895A3D /* CardType.swift in Sources */ = {isa = PBXBuildFile; fileRef = 246315221A6702EC00895A3D /* CardType.swift */; };
		246315251A67053100895A3D /* CardsMatchingResult.swift in Sources */ = {isa = PBXBuildFile; fileRef = 246315241A67053100895A3D /* CardsMatchingResult.swift */; };
		246315271A6708CD00895A3D /* OldCode in Resources */ = {isa = PBXBuildFile; fileRef = 246315261A6708CD00895A3D /* OldCode */; };
		2488F4111A3A3860006C0422 /* GameBoardView.swift in Sources */ = {isa = PBXBuildFile; fileRef = 2488F4101A3A3860006C0422 /* GameBoardView.swift */; };
		2488F4131A3A3B09006C0422 /* CardView.swift in Sources */ = {isa = PBXBuildFile; fileRef = 2488F4121A3A3B09006C0422 /* CardView.swift */; };
		24AEEC141A6BFE3500D7BBEE /* CardLocation.swift in Sources */ = {isa = PBXBuildFile; fileRef = 24AEEC131A6BFE3500D7BBEE /* CardLocation.swift */; };
		24CCBA2C1A1552BE008357B0 /* AppDelegate.swift in Sources */ = {isa = PBXBuildFile; fileRef = 24CCBA2B1A1552BE008357B0 /* AppDelegate.swift */; };
		24CCBA2E1A1552BE008357B0 /* ViewController.swift in Sources */ = {isa = PBXBuildFile; fileRef = 24CCBA2D1A1552BE008357B0 /* ViewController.swift */; };
		24CCBA311A1552BE008357B0 /* Main.storyboard in Resources */ = {isa = PBXBuildFile; fileRef = 24CCBA2F1A1552BE008357B0 /* Main.storyboard */; };
		24CCBA331A1552BE008357B0 /* Images.xcassets in Resources */ = {isa = PBXBuildFile; fileRef = 24CCBA321A1552BE008357B0 /* Images.xcassets */; };
		24CCBA361A1552BE008357B0 /* LaunchScreen.xib in Resources */ = {isa = PBXBuildFile; fileRef = 24CCBA341A1552BE008357B0 /* LaunchScreen.xib */; };
		24CCBA421A1552BE008357B0 /* PuzzleTests.swift in Sources */ = {isa = PBXBuildFile; fileRef = 24CCBA411A1552BE008357B0 /* PuzzleTests.swift */; };
/* End PBXBuildFile section */

/* Begin PBXContainerItemProxy section */
		24CCBA3C1A1552BE008357B0 /* PBXContainerItemProxy */ = {
			isa = PBXContainerItemProxy;
			containerPortal = 24CCBA1E1A1552BE008357B0 /* Project object */;
			proxyType = 1;
			remoteGlobalIDString = 24CCBA251A1552BE008357B0;
			remoteInfo = Puzzle;
		};
/* End PBXContainerItemProxy section */

/* Begin PBXFileReference section */
		245A9F5C1A378F110044A1B6 /* GameBoard.swift */ = {isa = PBXFileReference; fileEncoding = 4; lastKnownFileType = sourcecode.swift; path = GameBoard.swift; sourceTree = "<group>"; };
		245A9F5E1A3819780044A1B6 /* TODO */ = {isa = PBXFileReference; fileEncoding = 4; lastKnownFileType = text; path = TODO; sourceTree = "<group>"; };
		245EA7DF1A6171840086FF7B /* CardViewModel.swift */ = {isa = PBXFileReference; fileEncoding = 4; lastKnownFileType = sourcecode.swift; path = CardViewModel.swift; sourceTree = "<group>"; };
		246315201A6701B300895A3D /* Card.swift */ = {isa = PBXFileReference; fileEncoding = 4; lastKnownFileType = sourcecode.swift; path = Card.swift; sourceTree = "<group>"; };
		246315221A6702EC00895A3D /* CardType.swift */ = {isa = PBXFileReference; fileEncoding = 4; lastKnownFileType = sourcecode.swift; path = CardType.swift; sourceTree = "<group>"; };
		246315241A67053100895A3D /* CardsMatchingResult.swift */ = {isa = PBXFileReference; fileEncoding = 4; lastKnownFileType = sourcecode.swift; path = CardsMatchingResult.swift; sourceTree = "<group>"; };
		246315261A6708CD00895A3D /* OldCode */ = {isa = PBXFileReference; fileEncoding = 4; lastKnownFileType = text; path = OldCode; sourceTree = "<group>"; };
		2488F4101A3A3860006C0422 /* GameBoardView.swift */ = {isa = PBXFileReference; fileEncoding = 4; lastKnownFileType = sourcecode.swift; path = GameBoardView.swift; sourceTree = "<group>"; };
		2488F4121A3A3B09006C0422 /* CardView.swift */ = {isa = PBXFileReference; fileEncoding = 4; lastKnownFileType = sourcecode.swift; path = CardView.swift; sourceTree = "<group>"; };
		24AEEC131A6BFE3500D7BBEE /* CardLocation.swift */ = {isa = PBXFileReference; fileEncoding = 4; lastKnownFileType = sourcecode.swift; path = CardLocation.swift; sourceTree = "<group>"; };
		24CCBA261A1552BE008357B0 /* Puzzle.app */ = {isa = PBXFileReference; explicitFileType = wrapper.application; includeInIndex = 0; path = Puzzle.app; sourceTree = BUILT_PRODUCTS_DIR; };
		24CCBA2A1A1552BE008357B0 /* Info.plist */ = {isa = PBXFileReference; lastKnownFileType = text.plist.xml; path = Info.plist; sourceTree = "<group>"; };
		24CCBA2B1A1552BE008357B0 /* AppDelegate.swift */ = {isa = PBXFileReference; lastKnownFileType = sourcecode.swift; path = AppDelegate.swift; sourceTree = "<group>"; };
		24CCBA2D1A1552BE008357B0 /* ViewController.swift */ = {isa = PBXFileReference; lastKnownFileType = sourcecode.swift; name = ViewController.swift; path = ../ViewController.swift; sourceTree = "<group>"; };
		24CCBA301A1552BE008357B0 /* Base */ = {isa = PBXFileReference; lastKnownFileType = file.storyboard; name = Base; path = Base.lproj/Main.storyboard; sourceTree = "<group>"; };
		24CCBA321A1552BE008357B0 /* Images.xcassets */ = {isa = PBXFileReference; lastKnownFileType = folder.assetcatalog; path = Images.xcassets; sourceTree = "<group>"; };
		24CCBA351A1552BE008357B0 /* Base */ = {isa = PBXFileReference; lastKnownFileType = file.xib; name = Base; path = Base.lproj/LaunchScreen.xib; sourceTree = "<group>"; };
		24CCBA3B1A1552BE008357B0 /* PuzzleTests.xctest */ = {isa = PBXFileReference; explicitFileType = wrapper.cfbundle; includeInIndex = 0; path = PuzzleTests.xctest; sourceTree = BUILT_PRODUCTS_DIR; };
		24CCBA401A1552BE008357B0 /* Info.plist */ = {isa = PBXFileReference; lastKnownFileType = text.plist.xml; path = Info.plist; sourceTree = "<group>"; };
		24CCBA411A1552BE008357B0 /* PuzzleTests.swift */ = {isa = PBXFileReference; lastKnownFileType = sourcecode.swift; path = PuzzleTests.swift; sourceTree = "<group>"; };
/* End PBXFileReference section */

/* Begin PBXFrameworksBuildPhase section */
		24CCBA231A1552BE008357B0 /* Frameworks */ = {
			isa = PBXFrameworksBuildPhase;
			buildActionMask = 2147483647;
			files = (
			);
			runOnlyForDeploymentPostprocessing = 0;
		};
		24CCBA381A1552BE008357B0 /* Frameworks */ = {
			isa = PBXFrameworksBuildPhase;
			buildActionMask = 2147483647;
			files = (
			);
			runOnlyForDeploymentPostprocessing = 0;
		};
/* End PBXFrameworksBuildPhase section */

/* Begin PBXGroup section */
		244E27E61A34A413000D626A /* Controllers */ = {
			isa = PBXGroup;
			children = (
				24CCBA2D1A1552BE008357B0 /* ViewController.swift */,
			);
			path = Controllers;
			sourceTree = "<group>";
		};
		245A9F5B1A378EE30044A1B6 /* Model */ = {
			isa = PBXGroup;
			children = (
				245A9F5C1A378F110044A1B6 /* GameBoard.swift */,
				246315201A6701B300895A3D /* Card.swift */,
				246315221A6702EC00895A3D /* CardType.swift */,
				246315241A67053100895A3D /* CardsMatchingResult.swift */,
				24AEEC131A6BFE3500D7BBEE /* CardLocation.swift */,
			);
			name = Model;
			sourceTree = "<group>";
		};
		245EA7DE1A6171640086FF7B /* ViewModels */ = {
			isa = PBXGroup;
			children = (
				245EA7DF1A6171840086FF7B /* CardViewModel.swift */,
			);
			path = ViewModels;
			sourceTree = "<group>";
		};
		2488F40F1A3A3830006C0422 /* Views */ = {
			isa = PBXGroup;
			children = (
				2488F4101A3A3860006C0422 /* GameBoardView.swift */,
				2488F4121A3A3B09006C0422 /* CardView.swift */,
			);
			name = Views;
			sourceTree = "<group>";
		};
		24CCBA1D1A1552BE008357B0 = {
			isa = PBXGroup;
			children = (
				24CCBA281A1552BE008357B0 /* Puzzle */,
				24CCBA3E1A1552BE008357B0 /* PuzzleTests */,
				24CCBA271A1552BE008357B0 /* Products */,
			);
			sourceTree = "<group>";
		};
		24CCBA271A1552BE008357B0 /* Products */ = {
			isa = PBXGroup;
			children = (
				24CCBA261A1552BE008357B0 /* Puzzle.app */,
				24CCBA3B1A1552BE008357B0 /* PuzzleTests.xctest */,
			);
			name = Products;
			sourceTree = "<group>";
		};
		24CCBA281A1552BE008357B0 /* Puzzle */ = {
			isa = PBXGroup;
			children = (
				245EA7DE1A6171640086FF7B /* ViewModels */,
				2488F40F1A3A3830006C0422 /* Views */,
				245A9F5B1A378EE30044A1B6 /* Model */,
				244E27E61A34A413000D626A /* Controllers */,
				24CCBA2B1A1552BE008357B0 /* AppDelegate.swift */,
				24CCBA2F1A1552BE008357B0 /* Main.storyboard */,
				24CCBA321A1552BE008357B0 /* Images.xcassets */,
				24CCBA341A1552BE008357B0 /* LaunchScreen.xib */,
				24CCBA291A1552BE008357B0 /* Supporting Files */,
				245A9F5E1A3819780044A1B6 /* TODO */,
				246315261A6708CD00895A3D /* OldCode */,
			);
			path = Puzzle;
			sourceTree = "<group>";
		};
		24CCBA291A1552BE008357B0 /* Supporting Files */ = {
			isa = PBXGroup;
			children = (
				24CCBA2A1A1552BE008357B0 /* Info.plist */,
			);
			name = "Supporting Files";
			sourceTree = "<group>";
		};
		24CCBA3E1A1552BE008357B0 /* PuzzleTests */ = {
			isa = PBXGroup;
			children = (
				24CCBA411A1552BE008357B0 /* PuzzleTests.swift */,
				24CCBA3F1A1552BE008357B0 /* Supporting Files */,
			);
			path = PuzzleTests;
			sourceTree = "<group>";
		};
		24CCBA3F1A1552BE008357B0 /* Supporting Files */ = {
			isa = PBXGroup;
			children = (
				24CCBA401A1552BE008357B0 /* Info.plist */,
			);
			name = "Supporting Files";
			sourceTree = "<group>";
		};
/* End PBXGroup section */

/* Begin PBXNativeTarget section */
		24CCBA251A1552BE008357B0 /* Puzzle */ = {
			isa = PBXNativeTarget;
			buildConfigurationList = 24CCBA451A1552BE008357B0 /* Build configuration list for PBXNativeTarget "Puzzle" */;
			buildPhases = (
				24CCBA221A1552BE008357B0 /* Sources */,
				24CCBA231A1552BE008357B0 /* Frameworks */,
				24CCBA241A1552BE008357B0 /* Resources */,
			);
			buildRules = (
			);
			dependencies = (
			);
			name = Puzzle;
			productName = Puzzle;
			productReference = 24CCBA261A1552BE008357B0 /* Puzzle.app */;
			productType = "com.apple.product-type.application";
		};
		24CCBA3A1A1552BE008357B0 /* PuzzleTests */ = {
			isa = PBXNativeTarget;
			buildConfigurationList = 24CCBA481A1552BE008357B0 /* Build configuration list for PBXNativeTarget "PuzzleTests" */;
			buildPhases = (
				24CCBA371A1552BE008357B0 /* Sources */,
				24CCBA381A1552BE008357B0 /* Frameworks */,
				24CCBA391A1552BE008357B0 /* Resources */,
			);
			buildRules = (
			);
			dependencies = (
				24CCBA3D1A1552BE008357B0 /* PBXTargetDependency */,
			);
			name = PuzzleTests;
			productName = PuzzleTests;
			productReference = 24CCBA3B1A1552BE008357B0 /* PuzzleTests.xctest */;
			productType = "com.apple.product-type.bundle.unit-test";
		};
/* End PBXNativeTarget section */

/* Begin PBXProject section */
		24CCBA1E1A1552BE008357B0 /* Project object */ = {
			isa = PBXProject;
			attributes = {
				LastUpgradeCheck = 0610;
				ORGANIZATIONNAME = "David Christy";
				TargetAttributes = {
					24CCBA251A1552BE008357B0 = {
						CreatedOnToolsVersion = 6.1;
					};
					24CCBA3A1A1552BE008357B0 = {
						CreatedOnToolsVersion = 6.1;
						TestTargetID = 24CCBA251A1552BE008357B0;
					};
				};
			};
			buildConfigurationList = 24CCBA211A1552BE008357B0 /* Build configuration list for PBXProject "Puzzle" */;
			compatibilityVersion = "Xcode 3.2";
			developmentRegion = English;
			hasScannedForEncodings = 0;
			knownRegions = (
				en,
				Base,
			);
			mainGroup = 24CCBA1D1A1552BE008357B0;
			productRefGroup = 24CCBA271A1552BE008357B0 /* Products */;
			projectDirPath = "";
			projectRoot = "";
			targets = (
				24CCBA251A1552BE008357B0 /* Puzzle */,
				24CCBA3A1A1552BE008357B0 /* PuzzleTests */,
			);
		};
/* End PBXProject section */

/* Begin PBXResourcesBuildPhase section */
		24CCBA241A1552BE008357B0 /* Resources */ = {
			isa = PBXResourcesBuildPhase;
			buildActionMask = 2147483647;
			files = (
				246315271A6708CD00895A3D /* OldCode in Resources */,
				24CCBA311A1552BE008357B0 /* Main.storyboard in Resources */,
				24CCBA361A1552BE008357B0 /* LaunchScreen.xib in Resources */,
				245A9F5F1A3819780044A1B6 /* TODO in Resources */,
				24CCBA331A1552BE008357B0 /* Images.xcassets in Resources */,
			);
			runOnlyForDeploymentPostprocessing = 0;
		};
		24CCBA391A1552BE008357B0 /* Resources */ = {
			isa = PBXResourcesBuildPhase;
			buildActionMask = 2147483647;
			files = (
			);
			runOnlyForDeploymentPostprocessing = 0;
		};
/* End PBXResourcesBuildPhase section */

/* Begin PBXSourcesBuildPhase section */
		24CCBA221A1552BE008357B0 /* Sources */ = {
			isa = PBXSourcesBuildPhase;
			buildActionMask = 2147483647;
			files = (
				245A9F5D1A378F110044A1B6 /* GameBoard.swift in Sources */,
				2488F4111A3A3860006C0422 /* GameBoardView.swift in Sources */,
				24CCBA2E1A1552BE008357B0 /* ViewController.swift in Sources */,
				2488F4131A3A3B09006C0422 /* CardView.swift in Sources */,
				246315251A67053100895A3D /* CardsMatchingResult.swift in Sources */,
				24CCBA2C1A1552BE008357B0 /* AppDelegate.swift in Sources */,
				24AEEC141A6BFE3500D7BBEE /* CardLocation.swift in Sources */,
				245EA7E01A6171840086FF7B /* CardViewModel.swift in Sources */,
				246315211A6701B300895A3D /* Card.swift in Sources */,
				246315231A6702EC00895A3D /* CardType.swift in Sources */,
			);
			runOnlyForDeploymentPostprocessing = 0;
		};
		24CCBA371A1552BE008357B0 /* Sources */ = {
			isa = PBXSourcesBuildPhase;
			buildActionMask = 2147483647;
			files = (
				24CCBA421A1552BE008357B0 /* PuzzleTests.swift in Sources */,
			);
			runOnlyForDeploymentPostprocessing = 0;
		};
/* End PBXSourcesBuildPhase section */

/* Begin PBXTargetDependency section */
		24CCBA3D1A1552BE008357B0 /* PBXTargetDependency */ = {
			isa = PBXTargetDependency;
			target = 24CCBA251A1552BE008357B0 /* Puzzle */;
			targetProxy = 24CCBA3C1A1552BE008357B0 /* PBXContainerItemProxy */;
		};
/* End PBXTargetDependency section */

/* Begin PBXVariantGroup section */
		24CCBA2F1A1552BE008357B0 /* Main.storyboard */ = {
			isa = PBXVariantGroup;
			children = (
				24CCBA301A1552BE008357B0 /* Base */,
			);
			name = Main.storyboard;
			sourceTree = "<group>";
		};
		24CCBA341A1552BE008357B0 /* LaunchScreen.xib */ = {
			isa = PBXVariantGroup;
			children = (
				24CCBA351A1552BE008357B0 /* Base */,
			);
			name = LaunchScreen.xib;
			sourceTree = "<group>";
		};
/* End PBXVariantGroup section */

/* Begin XCBuildConfiguration section */
		24CCBA431A1552BE008357B0 /* Debug */ = {
			isa = XCBuildConfiguration;
			buildSettings = {
				ALWAYS_SEARCH_USER_PATHS = NO;
				CLANG_CXX_LANGUAGE_STANDARD = "gnu++0x";
				CLANG_CXX_LIBRARY = "libc++";
				CLANG_ENABLE_MODULES = YES;
				CLANG_ENABLE_OBJC_ARC = YES;
				CLANG_WARN_BOOL_CONVERSION = YES;
				CLANG_WARN_CONSTANT_CONVERSION = YES;
				CLANG_WARN_DIRECT_OBJC_ISA_USAGE = YES_ERROR;
				CLANG_WARN_EMPTY_BODY = YES;
				CLANG_WARN_ENUM_CONVERSION = YES;
				CLANG_WARN_INT_CONVERSION = YES;
				CLANG_WARN_OBJC_ROOT_CLASS = YES_ERROR;
				CLANG_WARN_UNREACHABLE_CODE = YES;
				CLANG_WARN__DUPLICATE_METHOD_MATCH = YES;
				"CODE_SIGN_IDENTITY[sdk=iphoneos*]" = "iPhone Developer";
				COPY_PHASE_STRIP = NO;
				ENABLE_STRICT_OBJC_MSGSEND = YES;
				GCC_C_LANGUAGE_STANDARD = gnu99;
				GCC_DYNAMIC_NO_PIC = NO;
				GCC_OPTIMIZATION_LEVEL = 0;
				GCC_PREPROCESSOR_DEFINITIONS = (
					"DEBUG=1",
					"$(inherited)",
				);
				GCC_SYMBOLS_PRIVATE_EXTERN = NO;
				GCC_WARN_64_TO_32_BIT_CONVERSION = YES;
				GCC_WARN_ABOUT_RETURN_TYPE = YES_ERROR;
				GCC_WARN_UNDECLARED_SELECTOR = YES;
				GCC_WARN_UNINITIALIZED_AUTOS = YES_AGGRESSIVE;
				GCC_WARN_UNUSED_FUNCTION = YES;
				GCC_WARN_UNUSED_VARIABLE = YES;
				IPHONEOS_DEPLOYMENT_TARGET = 8.1;
				MTL_ENABLE_DEBUG_INFO = YES;
				ONLY_ACTIVE_ARCH = YES;
				SDKROOT = iphoneos;
				SWIFT_OPTIMIZATION_LEVEL = "-Onone";
			};
			name = Debug;
		};
		24CCBA441A1552BE008357B0 /* Release */ = {
			isa = XCBuildConfiguration;
			buildSettings = {
				ALWAYS_SEARCH_USER_PATHS = NO;
				CLANG_CXX_LANGUAGE_STANDARD = "gnu++0x";
				CLANG_CXX_LIBRARY = "libc++";
				CLANG_ENABLE_MODULES = YES;
				CLANG_ENABLE_OBJC_ARC = YES;
				CLANG_WARN_BOOL_CONVERSION = YES;
				CLANG_WARN_CONSTANT_CONVERSION = YES;
				CLANG_WARN_DIRECT_OBJC_ISA_USAGE = YES_ERROR;
				CLANG_WARN_EMPTY_BODY = YES;
				CLANG_WARN_ENUM_CONVERSION = YES;
				CLANG_WARN_INT_CONVERSION = YES;
				CLANG_WARN_OBJC_ROOT_CLASS = YES_ERROR;
				CLANG_WARN_UNREACHABLE_CODE = YES;
				CLANG_WARN__DUPLICATE_METHOD_MATCH = YES;
				"CODE_SIGN_IDENTITY[sdk=iphoneos*]" = "iPhone Developer";
				COPY_PHASE_STRIP = YES;
				ENABLE_NS_ASSERTIONS = NO;
				ENABLE_STRICT_OBJC_MSGSEND = YES;
				GCC_C_LANGUAGE_STANDARD = gnu99;
				GCC_WARN_64_TO_32_BIT_CONVERSION = YES;
				GCC_WARN_ABOUT_RETURN_TYPE = YES_ERROR;
				GCC_WARN_UNDECLARED_SELECTOR = YES;
				GCC_WARN_UNINITIALIZED_AUTOS = YES_AGGRESSIVE;
				GCC_WARN_UNUSED_FUNCTION = YES;
				GCC_WARN_UNUSED_VARIABLE = YES;
				IPHONEOS_DEPLOYMENT_TARGET = 8.1;
				MTL_ENABLE_DEBUG_INFO = NO;
				SDKROOT = iphoneos;
				VALIDATE_PRODUCT = YES;
			};
			name = Release;
		};
		24CCBA461A1552BE008357B0 /* Debug */ = {
			isa = XCBuildConfiguration;
			buildSettings = {
				ASSETCATALOG_COMPILER_APPICON_NAME = AppIcon;
				INFOPLIST_FILE = Puzzle/Info.plist;
				LD_RUNPATH_SEARCH_PATHS = "$(inherited) @executable_path/Frameworks";
				PRODUCT_NAME = "$(TARGET_NAME)";
			};
			name = Debug;
		};
		24CCBA471A1552BE008357B0 /* Release */ = {
			isa = XCBuildConfiguration;
			buildSettings = {
				ASSETCATALOG_COMPILER_APPICON_NAME = AppIcon;
				INFOPLIST_FILE = Puzzle/Info.plist;
				LD_RUNPATH_SEARCH_PATHS = "$(inherited) @executable_path/Frameworks";
				PRODUCT_NAME = "$(TARGET_NAME)";
			};
			name = Release;
		};
		24CCBA491A1552BE008357B0 /* Debug */ = {
			isa = XCBuildConfiguration;
			buildSettings = {
				BUNDLE_LOADER = "$(TEST_HOST)";
				FRAMEWORK_SEARCH_PATHS = (
					"$(SDKROOT)/Developer/Library/Frameworks",
					"$(inherited)",
				);
				GCC_PREPROCESSOR_DEFINITIONS = (
					"DEBUG=1",
					"$(inherited)",
				);
				INFOPLIST_FILE = PuzzleTests/Info.plist;
				LD_RUNPATH_SEARCH_PATHS = "$(inherited) @executable_path/Frameworks @loader_path/Frameworks";
				PRODUCT_NAME = "$(TARGET_NAME)";
				TEST_HOST = "$(BUILT_PRODUCTS_DIR)/Puzzle.app/Puzzle";
			};
			name = Debug;
		};
		24CCBA4A1A1552BE008357B0 /* Release */ = {
			isa = XCBuildConfiguration;
			buildSettings = {
				BUNDLE_LOADER = "$(TEST_HOST)";
				FRAMEWORK_SEARCH_PATHS = (
					"$(SDKROOT)/Developer/Library/Frameworks",
					"$(inherited)",
				);
				INFOPLIST_FILE = PuzzleTests/Info.plist;
				LD_RUNPATH_SEARCH_PATHS = "$(inherited) @executable_path/Frameworks @loader_path/Frameworks";
				PRODUCT_NAME = "$(TARGET_NAME)";
				TEST_HOST = "$(BUILT_PRODUCTS_DIR)/Puzzle.app/Puzzle";
			};
			name = Release;
		};
/* End XCBuildConfiguration section */

/* Begin XCConfigurationList section */
		24CCBA211A1552BE008357B0 /* Build configuration list for PBXProject "Puzzle" */ = {
			isa = XCConfigurationList;
			buildConfigurations = (
				24CCBA431A1552BE008357B0 /* Debug */,
				24CCBA441A1552BE008357B0 /* Release */,
			);
			defaultConfigurationIsVisible = 0;
			defaultConfigurationName = Release;
		};
		24CCBA451A1552BE008357B0 /* Build configuration list for PBXNativeTarget "Puzzle" */ = {
			isa = XCConfigurationList;
			buildConfigurations = (
				24CCBA461A1552BE008357B0 /* Debug */,
				24CCBA471A1552BE008357B0 /* Release */,
			);
			defaultConfigurationIsVisible = 0;
			defaultConfigurationName = Release;
		};
		24CCBA481A1552BE008357B0 /* Build configuration list for PBXNativeTarget "PuzzleTests" */ = {
			isa = XCConfigurationList;
			buildConfigurations = (
				24CCBA491A1552BE008357B0 /* Debug */,
				24CCBA4A1A1552BE008357B0 /* Release */,
			);
			defaultConfigurationIsVisible = 0;
			defaultConfigurationName = Release;
		};
/* End XCConfigurationList section */
	};
	rootObject = 24CCBA1E1A1552BE008357B0 /* Project object */;
}
